
Microsoft Visual Studio Solution File, Format Version 12.00
# Visual Studio 15
VisualStudioVersion = 15.0.27428.2015
MinimumVisualStudioVersion = 10.0.40219.1
Project("{9A19103F-16F7-4668-BE54-9A1E7A4F7556}") = "DnxWebApi.OnDocker", "DnxWebApi.OnDocker.csproj", "{DABBE203-E78C-4640-9F8F-E59B45E0311C}"
EndProject
Global
	GlobalSection(SolutionConfigurationPlatforms) = preSolution
		Debug|Any CPU = Debug|Any CPU
		Release|Any CPU = Release|Any CPU
	EndGlobalSection
	GlobalSection(ProjectConfigurationPlatforms) = postSolution
		{DABBE203-E78C-4640-9F8F-E59B45E0311C}.Debug|Any CPU.ActiveCfg = Debug|Any CPU
		{DABBE203-E78C-4640-9F8F-E59B45E0311C}.Debug|Any CPU.Build.0 = Debug|Any CPU
		{DABBE203-E78C-4640-9F8F-E59B45E0311C}.Release|Any CPU.ActiveCfg = Release|Any CPU
		{DABBE203-E78C-4640-9F8F-E59B45E0311C}.Release|Any CPU.Build.0 = Release|Any CPU
	EndGlobalSection
	GlobalSection(SolutionProperties) = preSolution
		HideSolutionNode = FALSE
	EndGlobalSection
	GlobalSection(ExtensibilityGlobals) = postSolution
		SolutionGuid = {4A96FA87-6B1C-4F56-88B9-031288BE2A16}
	EndGlobalSection
EndGlobal
